
Microsoft Visual Studio Solution File, Format Version 11.00
# Visual Studio 2010
Project("{FAE04EC0-301F-11D3-BF4B-00C04F79EFBC}") = "Assembly-CSharp", "Assembly-CSharp.csproj", "{dfe3cf71-1940-d16b-0749-92cef0bd8f28}"
EndProject
Global
	GlobalSection(SolutionConfigurationPlatforms) = preSolution
		Debug|Any CPU = Debug|Any CPU
		Release|Any CPU = Release|Any CPU
	EndGlobalSection
	GlobalSection(ProjectConfigurationPlatforms) = postSolution
		{dfe3cf71-1940-d16b-0749-92cef0bd8f28}.Debug|Any CPU.ActiveCfg = Debug|Any CPU
		{dfe3cf71-1940-d16b-0749-92cef0bd8f28}.Debug|Any CPU.Build.0 = Debug|Any CPU
		{dfe3cf71-1940-d16b-0749-92cef0bd8f28}.Release|Any CPU.ActiveCfg = Release|Any CPU
		{dfe3cf71-1940-d16b-0749-92cef0bd8f28}.Release|Any CPU.Build.0 = Release|Any CPU
	EndGlobalSection
	GlobalSection(SolutionProperties) = preSolution
		HideSolutionNode = FALSE
	EndGlobalSection
EndGlobal
